PODS:
  - RxSwift (6.2.0)
  - SwiftGen (6.5.1)

DEPENDENCIES:
  - RxSwift
  - SwiftGen

SPEC REPOS:
  trunk:
    - RxSwift
    - SwiftGen

SPEC CHECKSUMS:
  RxSwift: d356ab7bee873611322f134c5f9ef379fa183d8f
  SwiftGen: a6d22010845f08fe18fbdf3a07a8e380fd22e0ea

PODFILE CHECKSUM: acec0c5cfbd4476e079b5e6e0cb8d783161e29a3

COCOAPODS: 1.11.2
