// !$*UTF8*$!
{
	archiveVersion = 1;
	classes = {
	};
	objectVersion = 55;
	objects = {

/* Begin PBXBuildFile section */
		247538F9280D85F90040EEC8 /* AppDelegate.swift in Sources */ = {isa = PBXBuildFile; fileRef = 247538F8280D85F90040EEC8 /* AppDelegate.swift */; };
		24753902280D85FA0040EEC8 /* Images.xcassets in Resources */ = {isa = PBXBuildFile; fileRef = 24753901280D85FA0040EEC8 /* Images.xcassets */; };
		24753905280D85FA0040EEC8 /* LaunchScreen.storyboard in Resources */ = {isa = PBXBuildFile; fileRef = 24753903280D85FA0040EEC8 /* LaunchScreen.storyboard */; };
		24753911280D86900040EEC8 /* NewsListViewController.swift in Sources */ = {isa = PBXBuildFile; fileRef = 24753910280D86900040EEC8 /* NewsListViewController.swift */; };
		24C43CF6280D8AED008DFFCF /* Colors.xcassets in Resources */ = {isa = PBXBuildFile; fileRef = 24C43CF5280D8AED008DFFCF /* Colors.xcassets */; };
		24C43CF9280D8B25008DFFCF /* Localized.strings in Resources */ = {isa = PBXBuildFile; fileRef = 24C43CFB280D8B25008DFFCF /* Localized.strings */; };
		24C43D06280D8C2C008DFFCF /* Strings+Generated.swift in Sources */ = {isa = PBXBuildFile; fileRef = 24C43D03280D8C2C008DFFCF /* Strings+Generated.swift */; };
		24C43D07280D8C2C008DFFCF /* XCAssets+Generated.swift in Sources */ = {isa = PBXBuildFile; fileRef = 24C43D04280D8C2C008DFFCF /* XCAssets+Generated.swift */; };
		24C43D08280D8C2C008DFFCF /* Fonts.swift in Sources */ = {isa = PBXBuildFile; fileRef = 24C43D05280D8C2C008DFFCF /* Fonts.swift */; };
		B35E9FE52D2A251FAB7996A2 /* Pods_Lenta.framework in Frameworks */ = {isa = PBXBuildFile; fileRef = FC6A945B9D5BC6A62A6D5F8B /* Pods_Lenta.framework */; };
/* End PBXBuildFile section */

/* Begin PBXFileReference section */
		247538F5280D85F90040EEC8 /* Lenta.app */ = {isa = PBXFileReference; explicitFileType = wrapper.application; includeInIndex = 0; path = Lenta.app; sourceTree = BUILT_PRODUCTS_DIR; };
		247538F8280D85F90040EEC8 /* AppDelegate.swift */ = {isa = PBXFileReference; lastKnownFileType = sourcecode.swift; path = AppDelegate.swift; sourceTree = "<group>"; };
		24753901280D85FA0040EEC8 /* Images.xcassets */ = {isa = PBXFileReference; lastKnownFileType = folder.assetcatalog; path = Images.xcassets; sourceTree = "<group>"; };
		24753904280D85FA0040EEC8 /* Base */ = {isa = PBXFileReference; lastKnownFileType = file.storyboard; name = Base; path = Base.lproj/LaunchScreen.storyboard; sourceTree = "<group>"; };
		24753906280D85FA0040EEC8 /* Info.plist */ = {isa = PBXFileReference; lastKnownFileType = text.plist.xml; path = Info.plist; sourceTree = "<group>"; };
		24753910280D86900040EEC8 /* NewsListViewController.swift */ = {isa = PBXFileReference; lastKnownFileType = sourcecode.swift; path = NewsListViewController.swift; sourceTree = "<group>"; };
		24C43CF5280D8AED008DFFCF /* Colors.xcassets */ = {isa = PBXFileReference; lastKnownFileType = folder.assetcatalog; path = Colors.xcassets; sourceTree = "<group>"; };
		24C43CFA280D8B25008DFFCF /* en */ = {isa = PBXFileReference; lastKnownFileType = text.plist.strings; name = en; path = en.lproj/Localized.strings; sourceTree = "<group>"; };
		24C43D03280D8C2C008DFFCF /* Strings+Generated.swift */ = {isa = PBXFileReference; fileEncoding = 4; lastKnownFileType = sourcecode.swift; path = "Strings+Generated.swift"; sourceTree = "<group>"; };
		24C43D04280D8C2C008DFFCF /* XCAssets+Generated.swift */ = {isa = PBXFileReference; fileEncoding = 4; lastKnownFileType = sourcecode.swift; path = "XCAssets+Generated.swift"; sourceTree = "<group>"; };
		24C43D05280D8C2C008DFFCF /* Fonts.swift */ = {isa = PBXFileReference; fileEncoding = 4; lastKnownFileType = sourcecode.swift; path = Fonts.swift; sourceTree = "<group>"; };
		39A9D66E870289DE44D9191A /* Pods-Lenta.release.xcconfig */ = {isa = PBXFileReference; includeInIndex = 1; lastKnownFileType = text.xcconfig; name = "Pods-Lenta.release.xcconfig"; path = "Target Support Files/Pods-Lenta/Pods-Lenta.release.xcconfig"; sourceTree = "<group>"; };
		5B4F1749514E338518F681E2 /* Pods-Lenta.debug.xcconfig */ = {isa = PBXFileReference; includeInIndex = 1; lastKnownFileType = text.xcconfig; name = "Pods-Lenta.debug.xcconfig"; path = "Target Support Files/Pods-Lenta/Pods-Lenta.debug.xcconfig"; sourceTree = "<group>"; };
		FC6A945B9D5BC6A62A6D5F8B /* Pods_Lenta.framework */ = {isa = PBXFileReference; explicitFileType = wrapper.framework; includeInIndex = 0; path = Pods_Lenta.framework; sourceTree = BUILT_PRODUCTS_DIR; };
/* End PBXFileReference section */

/* Begin PBXFrameworksBuildPhase section */
		247538F2280D85F90040EEC8 /* Frameworks */ = {
			isa = PBXFrameworksBuildPhase;
			buildActionMask = 2147483647;
			files = (
				B35E9FE52D2A251FAB7996A2 /* Pods_Lenta.framework in Frameworks */,
			);
			runOnlyForDeploymentPostprocessing = 0;
		};
/* End PBXFrameworksBuildPhase section */

/* Begin PBXGroup section */
		15AABAB3BABED7F518F22D99 /* Pods */ = {
			isa = PBXGroup;
			children = (
				5B4F1749514E338518F681E2 /* Pods-Lenta.debug.xcconfig */,
				39A9D66E870289DE44D9191A /* Pods-Lenta.release.xcconfig */,
			);
			path = Pods;
			sourceTree = "<group>";
		};
		2019ED906C070A0B82326D31 /* Frameworks */ = {
			isa = PBXGroup;
			children = (
				FC6A945B9D5BC6A62A6D5F8B /* Pods_Lenta.framework */,
			);
			name = Frameworks;
			sourceTree = "<group>";
		};
		247538EC280D85F90040EEC8 = {
			isa = PBXGroup;
			children = (
				247538F7280D85F90040EEC8 /* Lenta */,
				247538F6280D85F90040EEC8 /* Products */,
				15AABAB3BABED7F518F22D99 /* Pods */,
				2019ED906C070A0B82326D31 /* Frameworks */,
			);
			sourceTree = "<group>";
		};
		247538F6280D85F90040EEC8 /* Products */ = {
			isa = PBXGroup;
			children = (
				247538F5280D85F90040EEC8 /* Lenta.app */,
			);
			name = Products;
			sourceTree = "<group>";
		};
		247538F7280D85F90040EEC8 /* Lenta */ = {
			isa = PBXGroup;
			children = (
				2475390E280D866A0040EEC8 /* Screens */,
				2475390D280D86170040EEC8 /* Supporting Files */,
				2475390C280D86090040EEC8 /* Resources */,
				24753903280D85FA0040EEC8 /* LaunchScreen.storyboard */,
				24753906280D85FA0040EEC8 /* Info.plist */,
			);
			path = Lenta;
			sourceTree = "<group>";
		};
		2475390C280D86090040EEC8 /* Resources */ = {
			isa = PBXGroup;
			children = (
				24C43D02280D8C2C008DFFCF /* Generated */,
				24C43CF4280D8ADC008DFFCF /* Manual */,
			);
			path = Resources;
			sourceTree = "<group>";
		};
		2475390D280D86170040EEC8 /* Supporting Files */ = {
			isa = PBXGroup;
			children = (
				247538F8280D85F90040EEC8 /* AppDelegate.swift */,
			);
			path = "Supporting Files";
			sourceTree = "<group>";
		};
		2475390E280D866A0040EEC8 /* Screens */ = {
			isa = PBXGroup;
			children = (
				2475390F280D86720040EEC8 /* NewsList */,
			);
			path = Screens;
			sourceTree = "<group>";
		};
		2475390F280D86720040EEC8 /* NewsList */ = {
			isa = PBXGroup;
			children = (
				24753910280D86900040EEC8 /* NewsListViewController.swift */,
			);
			path = NewsList;
			sourceTree = "<group>";
		};
		24C43CF4280D8ADC008DFFCF /* Manual */ = {
			isa = PBXGroup;
			children = (
				24753901280D85FA0040EEC8 /* Images.xcassets */,
				24C43CF5280D8AED008DFFCF /* Colors.xcassets */,
				24C43CFB280D8B25008DFFCF /* Localized.strings */,
			);
			path = Manual;
			sourceTree = "<group>";
		};
		24C43D02280D8C2C008DFFCF /* Generated */ = {
			isa = PBXGroup;
			children = (
				24C43D03280D8C2C008DFFCF /* Strings+Generated.swift */,
				24C43D04280D8C2C008DFFCF /* XCAssets+Generated.swift */,
				24C43D05280D8C2C008DFFCF /* Fonts.swift */,
			);
			path = Generated;
			sourceTree = "<group>";
		};
/* End PBXGroup section */

/* Begin PBXNativeTarget section */
		247538F4280D85F90040EEC8 /* Lenta */ = {
			isa = PBXNativeTarget;
			buildConfigurationList = 24753909280D85FA0040EEC8 /* Build configuration list for PBXNativeTarget "Lenta" */;
			buildPhases = (
				B8C33C380F2261D8D3356612 /* [CP] Check Pods Manifest.lock */,
				24C43CF2280D8AC5008DFFCF /* SwiftGen */,
				247538F1280D85F90040EEC8 /* Sources */,
				247538F2280D85F90040EEC8 /* Frameworks */,
				247538F3280D85F90040EEC8 /* Resources */,
			);
			buildRules = (
			);
			dependencies = (
			);
			name = Lenta;
			productName = Lenta;
			productReference = 247538F5280D85F90040EEC8 /* Lenta.app */;
			productType = "com.apple.product-type.application";
		};
/* End PBXNativeTarget section */

/* Begin PBXProject section */
		247538ED280D85F90040EEC8 /* Project object */ = {
			isa = PBXProject;
			attributes = {
				BuildIndependentTargetsInParallel = 1;
				LastSwiftUpdateCheck = 1300;
				LastUpgradeCheck = 1300;
				TargetAttributes = {
					247538F4280D85F90040EEC8 = {
						CreatedOnToolsVersion = 13.0;
					};
				};
			};
			buildConfigurationList = 247538F0280D85F90040EEC8 /* Build configuration list for PBXProject "Lenta" */;
			compatibilityVersion = "Xcode 13.0";
			developmentRegion = en;
			hasScannedForEncodings = 0;
			knownRegions = (
				en,
				Base,
			);
			mainGroup = 247538EC280D85F90040EEC8;
			productRefGroup = 247538F6280D85F90040EEC8 /* Products */;
			projectDirPath = "";
			projectRoot = "";
			targets = (
				247538F4280D85F90040EEC8 /* Lenta */,
			);
		};
/* End PBXProject section */

/* Begin PBXResourcesBuildPhase section */
		247538F3280D85F90040EEC8 /* Resources */ = {
			isa = PBXResourcesBuildPhase;
			buildActionMask = 2147483647;
			files = (
				24C43CF9280D8B25008DFFCF /* Localized.strings in Resources */,
				24C43CF6280D8AED008DFFCF /* Colors.xcassets in Resources */,
				24753905280D85FA0040EEC8 /* LaunchScreen.storyboard in Resources */,
				24753902280D85FA0040EEC8 /* Images.xcassets in Resources */,
			);
			runOnlyForDeploymentPostprocessing = 0;
		};
/* End PBXResourcesBuildPhase section */

/* Begin PBXShellScriptBuildPhase section */
		24C43CF2280D8AC5008DFFCF /* SwiftGen */ = {
			isa = PBXShellScriptBuildPhase;
			buildActionMask = 2147483647;
			files = (
			);
			inputFileListPaths = (
			);
			inputPaths = (
			);
			name = SwiftGen;
			outputFileListPaths = (
			);
			outputPaths = (
			);
			runOnlyForDeploymentPostprocessing = 0;
			shellPath = /bin/sh;
			shellScript = "# Type a script or drag a script file from your workspace to insert its path.\nif [[ -f \"${PODS_ROOT}/SwiftGen/bin/swiftgen\" ]]; then\n  \"${PODS_ROOT}/SwiftGen/bin/swiftgen\" config run --config SwiftGen/swiftgen.yml\nelse\n  echo \"warning: SwiftGen is not installed. Run 'pod install --repo-update' to install it.\"\nfi \n";
		};
		B8C33C380F2261D8D3356612 /* [CP] Check Pods Manifest.lock */ = {
			isa = PBXShellScriptBuildPhase;
			buildActionMask = 2147483647;
			files = (
			);
			inputFileListPaths = (
			);
			inputPaths = (
				"${PODS_PODFILE_DIR_PATH}/Podfile.lock",
				"${PODS_ROOT}/Manifest.lock",
			);
			name = "[CP] Check Pods Manifest.lock";
			outputFileListPaths = (
			);
			outputPaths = (
				"$(DERIVED_FILE_DIR)/Pods-Lenta-checkManifestLockResult.txt",
			);
			runOnlyForDeploymentPostprocessing = 0;
			shellPath = /bin/sh;
			shellScript = "diff \"${PODS_PODFILE_DIR_PATH}/Podfile.lock\" \"${PODS_ROOT}/Manifest.lock\" > /dev/null\nif [ $? != 0 ] ; then\n    # print error to STDERR\n    echo \"error: The sandbox is not in sync with the Podfile.lock. Run 'pod install' or update your CocoaPods installation.\" >&2\n    exit 1\nfi\n# This output is used by Xcode 'outputs' to avoid re-running this script phase.\necho \"SUCCESS\" > \"${SCRIPT_OUTPUT_FILE_0}\"\n";
			showEnvVarsInLog = 0;
		};
/* End PBXShellScriptBuildPhase section */

/* Begin PBXSourcesBuildPhase section */
		247538F1280D85F90040EEC8 /* Sources */ = {
			isa = PBXSourcesBuildPhase;
			buildActionMask = 2147483647;
			files = (
				247538F9280D85F90040EEC8 /* AppDelegate.swift in Sources */,
				24C43D08280D8C2C008DFFCF /* Fonts.swift in Sources */,
				24753911280D86900040EEC8 /* NewsListViewController.swift in Sources */,
				24C43D06280D8C2C008DFFCF /* Strings+Generated.swift in Sources */,
				24C43D07280D8C2C008DFFCF /* XCAssets+Generated.swift in Sources */,
			);
			runOnlyForDeploymentPostprocessing = 0;
		};
/* End PBXSourcesBuildPhase section */

/* Begin PBXVariantGroup section */
		24753903280D85FA0040EEC8 /* LaunchScreen.storyboard */ = {
			isa = PBXVariantGroup;
			children = (
				24753904280D85FA0040EEC8 /* Base */,
			);
			name = LaunchScreen.storyboard;
			sourceTree = "<group>";
		};
		24C43CFB280D8B25008DFFCF /* Localized.strings */ = {
			isa = PBXVariantGroup;
			children = (
				24C43CFA280D8B25008DFFCF /* en */,
			);
			name = Localized.strings;
			sourceTree = "<group>";
		};
/* End PBXVariantGroup section */

/* Begin XCBuildConfiguration section */
		24753907280D85FA0040EEC8 /* Debug */ = {
			isa = XCBuildConfiguration;
			buildSettings = {
				ALWAYS_SEARCH_USER_PATHS = NO;
				CLANG_ANALYZER_NONNULL = YES;
				CLANG_ANALYZER_NUMBER_OBJECT_CONVERSION = YES_AGGRESSIVE;
				CLANG_CXX_LANGUAGE_STANDARD = "gnu++17";
				CLANG_CXX_LIBRARY = "libc++";
				CLANG_ENABLE_MODULES = YES;
				CLANG_ENABLE_OBJC_ARC = YES;
				CLANG_ENABLE_OBJC_WEAK = YES;
				CLANG_WARN_BLOCK_CAPTURE_AUTORELEASING = YES;
				CLANG_WARN_BOOL_CONVERSION = YES;
				CLANG_WARN_COMMA = YES;
				CLANG_WARN_CONSTANT_CONVERSION = YES;
				CLANG_WARN_DEPRECATED_OBJC_IMPLEMENTATIONS = YES;
				CLANG_WARN_DIRECT_OBJC_ISA_USAGE = YES_ERROR;
				CLANG_WARN_DOCUMENTATION_COMMENTS = YES;
				CLANG_WARN_EMPTY_BODY = YES;
				CLANG_WARN_ENUM_CONVERSION = YES;
				CLANG_WARN_INFINITE_RECURSION = YES;
				CLANG_WARN_INT_CONVERSION = YES;
				CLANG_WARN_NON_LITERAL_NULL_CONVERSION = YES;
				CLANG_WARN_OBJC_IMPLICIT_RETAIN_SELF = YES;
				CLANG_WARN_OBJC_LITERAL_CONVERSION = YES;
				CLANG_WARN_OBJC_ROOT_CLASS = YES_ERROR;
				CLANG_WARN_QUOTED_INCLUDE_IN_FRAMEWORK_HEADER = YES;
				CLANG_WARN_RANGE_LOOP_ANALYSIS = YES;
				CLANG_WARN_STRICT_PROTOTYPES = YES;
				CLANG_WARN_SUSPICIOUS_MOVE = YES;
				CLANG_WARN_UNGUARDED_AVAILABILITY = YES_AGGRESSIVE;
				CLANG_WARN_UNREACHABLE_CODE = YES;
				CLANG_WARN__DUPLICATE_METHOD_MATCH = YES;
				COPY_PHASE_STRIP = NO;
				DEBUG_INFORMATION_FORMAT = dwarf;
				ENABLE_STRICT_OBJC_MSGSEND = YES;
				ENABLE_TESTABILITY = YES;
				GCC_C_LANGUAGE_STANDARD = gnu11;
				GCC_DYNAMIC_NO_PIC = NO;
				GCC_NO_COMMON_BLOCKS = YES;
				GCC_OPTIMIZATION_LEVEL = 0;
				GCC_PREPROCESSOR_DEFINITIONS = (
					"DEBUG=1",
					"$(inherited)",
				);
				GCC_WARN_64_TO_32_BIT_CONVERSION = YES;
				GCC_WARN_ABOUT_RETURN_TYPE = YES_ERROR;
				GCC_WARN_UNDECLARED_SELECTOR = YES;
				GCC_WARN_UNINITIALIZED_AUTOS = YES_AGGRESSIVE;
				GCC_WARN_UNUSED_FUNCTION = YES;
				GCC_WARN_UNUSED_VARIABLE = YES;
				IPHONEOS_DEPLOYMENT_TARGET = 13.0;
				MTL_ENABLE_DEBUG_INFO = INCLUDE_SOURCE;
				MTL_FAST_MATH = YES;
				ONLY_ACTIVE_ARCH = YES;
				SDKROOT = iphoneos;
				SWIFT_ACTIVE_COMPILATION_CONDITIONS = DEBUG;
				SWIFT_OPTIMIZATION_LEVEL = "-Onone";
			};
			name = Debug;
		};
		24753908280D85FA0040EEC8 /* Release */ = {
			isa = XCBuildConfiguration;
			buildSettings = {
				ALWAYS_SEARCH_USER_PATHS = NO;
				CLANG_ANALYZER_NONNULL = YES;
				CLANG_ANALYZER_NUMBER_OBJECT_CONVERSION = YES_AGGRESSIVE;
				CLANG_CXX_LANGUAGE_STANDARD = "gnu++17";
				CLANG_CXX_LIBRARY = "libc++";
				CLANG_ENABLE_MODULES = YES;
				CLANG_ENABLE_OBJC_ARC = YES;
				CLANG_ENABLE_OBJC_WEAK = YES;
				CLANG_WARN_BLOCK_CAPTURE_AUTORELEASING = YES;
				CLANG_WARN_BOOL_CONVERSION = YES;
				CLANG_WARN_COMMA = YES;
				CLANG_WARN_CONSTANT_CONVERSION = YES;
				CLANG_WARN_DEPRECATED_OBJC_IMPLEMENTATIONS = YES;
				CLANG_WARN_DIRECT_OBJC_ISA_USAGE = YES_ERROR;
				CLANG_WARN_DOCUMENTATION_COMMENTS = YES;
				CLANG_WARN_EMPTY_BODY = YES;
				CLANG_WARN_ENUM_CONVERSION = YES;
				CLANG_WARN_INFINITE_RECURSION = YES;
				CLANG_WARN_INT_CONVERSION = YES;
				CLANG_WARN_NON_LITERAL_NULL_CONVERSION = YES;
				CLANG_WARN_OBJC_IMPLICIT_RETAIN_SELF = YES;
				CLANG_WARN_OBJC_LITERAL_CONVERSION = YES;
				CLANG_WARN_OBJC_ROOT_CLASS = YES_ERROR;
				CLANG_WARN_QUOTED_INCLUDE_IN_FRAMEWORK_HEADER = YES;
				CLANG_WARN_RANGE_LOOP_ANALYSIS = YES;
				CLANG_WARN_STRICT_PROTOTYPES = YES;
				CLANG_WARN_SUSPICIOUS_MOVE = YES;
				CLANG_WARN_UNGUARDED_AVAILABILITY = YES_AGGRESSIVE;
				CLANG_WARN_UNREACHABLE_CODE = YES;
				CLANG_WARN__DUPLICATE_METHOD_MATCH = YES;
				COPY_PHASE_STRIP = NO;
				DEBUG_INFORMATION_FORMAT = "dwarf-with-dsym";
				ENABLE_NS_ASSERTIONS = NO;
				ENABLE_STRICT_OBJC_MSGSEND = YES;
				GCC_C_LANGUAGE_STANDARD = gnu11;
				GCC_NO_COMMON_BLOCKS = YES;
				GCC_WARN_64_TO_32_BIT_CONVERSION = YES;
				GCC_WARN_ABOUT_RETURN_TYPE = YES_ERROR;
				GCC_WARN_UNDECLARED_SELECTOR = YES;
				GCC_WARN_UNINITIALIZED_AUTOS = YES_AGGRESSIVE;
				GCC_WARN_UNUSED_FUNCTION = YES;
				GCC_WARN_UNUSED_VARIABLE = YES;
				IPHONEOS_DEPLOYMENT_TARGET = 13.0;
				MTL_ENABLE_DEBUG_INFO = NO;
				MTL_FAST_MATH = YES;
				SDKROOT = iphoneos;
				SWIFT_COMPILATION_MODE = wholemodule;
				SWIFT_OPTIMIZATION_LEVEL = "-O";
				VALIDATE_PRODUCT = YES;
			};
			name = Release;
		};
		2475390A280D85FA0040EEC8 /* Debug */ = {
			isa = XCBuildConfiguration;
			baseConfigurationReference = 5B4F1749514E338518F681E2 /* Pods-Lenta.debug.xcconfig */;
			buildSettings = {
				ASSETCATALOG_COMPILER_APPICON_NAME = AppIcon;
				ASSETCATALOG_COMPILER_GLOBAL_ACCENT_COLOR_NAME = AccentColor;
				CODE_SIGN_STYLE = Automatic;
				CURRENT_PROJECT_VERSION = 1;
				GENERATE_INFOPLIST_FILE = YES;
				INFOPLIST_FILE = Lenta/Info.plist;
				INFOPLIST_KEY_UIApplicationSupportsIndirectInputEvents = YES;
				INFOPLIST_KEY_UILaunchStoryboardName = LaunchScreen;
				INFOPLIST_KEY_UISupportedInterfaceOrientations_iPad = "UIInterfaceOrientationPortrait UIInterfaceOrientationPortraitUpsideDown";
				INFOPLIST_KEY_UISupportedInterfaceOrientations_iPhone = UIInterfaceOrientationPortrait;
				IPHONEOS_DEPLOYMENT_TARGET = 13.0;
				LD_RUNPATH_SEARCH_PATHS = (
					"$(inherited)",
					"@executable_path/Frameworks",
				);
				MARKETING_VERSION = 1.0;
				PRODUCT_BUNDLE_IDENTIFIER = micantia.Lenta;
				PRODUCT_NAME = "$(TARGET_NAME)";
				SWIFT_EMIT_LOC_STRINGS = YES;
				SWIFT_VERSION = 5.0;
				TARGETED_DEVICE_FAMILY = "1,2";
			};
			name = Debug;
		};
		2475390B280D85FA0040EEC8 /* Release */ = {
			isa = XCBuildConfiguration;
			baseConfigurationReference = 39A9D66E870289DE44D9191A /* Pods-Lenta.release.xcconfig */;
			buildSettings = {
				ASSETCATALOG_COMPILER_APPICON_NAME = AppIcon;
				ASSETCATALOG_COMPILER_GLOBAL_ACCENT_COLOR_NAME = AccentColor;
				CODE_SIGN_STYLE = Automatic;
				CURRENT_PROJECT_VERSION = 1;
				GENERATE_INFOPLIST_FILE = YES;
				INFOPLIST_FILE = Lenta/Info.plist;
				INFOPLIST_KEY_UIApplicationSupportsIndirectInputEvents = YES;
				INFOPLIST_KEY_UILaunchStoryboardName = LaunchScreen;
				INFOPLIST_KEY_UISupportedInterfaceOrientations_iPad = "UIInterfaceOrientationPortrait UIInterfaceOrientationPortraitUpsideDown";
				INFOPLIST_KEY_UISupportedInterfaceOrientations_iPhone = UIInterfaceOrientationPortrait;
				IPHONEOS_DEPLOYMENT_TARGET = 13.0;
				LD_RUNPATH_SEARCH_PATHS = (
					"$(inherited)",
					"@executable_path/Frameworks",
				);
				MARKETING_VERSION = 1.0;
				PRODUCT_BUNDLE_IDENTIFIER = micantia.Lenta;
				PRODUCT_NAME = "$(TARGET_NAME)";
				SWIFT_EMIT_LOC_STRINGS = YES;
				SWIFT_VERSION = 5.0;
				TARGETED_DEVICE_FAMILY = "1,2";
			};
			name = Release;
		};
/* End XCBuildConfiguration section */

/* Begin XCConfigurationList section */
		247538F0280D85F90040EEC8 /* Build configuration list for PBXProject "Lenta" */ = {
			isa = XCConfigurationList;
			buildConfigurations = (
				24753907280D85FA0040EEC8 /* Debug */,
				24753908280D85FA0040EEC8 /* Release */,
			);
			defaultConfigurationIsVisible = 0;
			defaultConfigurationName = Release;
		};
		24753909280D85FA0040EEC8 /* Build configuration list for PBXNativeTarget "Lenta" */ = {
			isa = XCConfigurationList;
			buildConfigurations = (
				2475390A280D85FA0040EEC8 /* Debug */,
				2475390B280D85FA0040EEC8 /* Release */,
			);
			defaultConfigurationIsVisible = 0;
			defaultConfigurationName = Release;
		};
/* End XCConfigurationList section */
	};
	rootObject = 247538ED280D85F90040EEC8 /* Project object */;
}
